
Microsoft Visual Studio Solution File, Format Version 12.00
# Visual Studio Version 17
VisualStudioVersion = 17.8.34330.188
MinimumVisualStudioVersion = 10.0.40219.1
Project("{FAE04EC0-301F-11D3-BF4B-00C04F79EFBC}") = "Courier delivery service app", "Courier delivery service app.csproj", "{1FC0AEB2-CCD1-41A4-9DFC-7DAA54A8A8E3}"
EndProject
Global
	GlobalSection(SolutionConfigurationPlatforms) = preSolution
		Debug|Any CPU = Debug|Any CPU
		Release|Any CPU = Release|Any CPU
	EndGlobalSection
	GlobalSection(ProjectConfigurationPlatforms) = postSolution
		{1FC0AEB2-CCD1-41A4-9DFC-7DAA54A8A8E3}.Debug|Any CPU.ActiveCfg = Debug|Any CPU
		{1FC0AEB2-CCD1-41A4-9DFC-7DAA54A8A8E3}.Debug|Any CPU.Build.0 = Debug|Any CPU
		{1FC0AEB2-CCD1-41A4-9DFC-7DAA54A8A8E3}.Release|Any CPU.ActiveCfg = Release|Any CPU
		{1FC0AEB2-CCD1-41A4-9DFC-7DAA54A8A8E3}.Release|Any CPU.Build.0 = Release|Any CPU
	EndGlobalSection
	GlobalSection(SolutionProperties) = preSolution
		HideSolutionNode = FALSE
	EndGlobalSection
	GlobalSection(ExtensibilityGlobals) = postSolution
		SolutionGuid = {F0AD95DC-9CF2-42EA-9591-53A81620B79C}
	EndGlobalSection
EndGlobal
