
Microsoft Visual Studio Solution File, Format Version 12.00
# Visual Studio Version 17
VisualStudioVersion = 17.8.34330.188
MinimumVisualStudioVersion = 10.0.40219.1
Project("{FAE04EC0-301F-11D3-BF4B-00C04F79EFBC}") = "Lab_1", "Lab_1.csproj", "{5A955E0F-C80F-4E90-B25F-D27A200489AD}"
EndProject
Global
	GlobalSection(SolutionConfigurationPlatforms) = preSolution
		Debug|Any CPU = Debug|Any CPU
		Release|Any CPU = Release|Any CPU
	EndGlobalSection
	GlobalSection(ProjectConfigurationPlatforms) = postSolution
		{5A955E0F-C80F-4E90-B25F-D27A200489AD}.Debug|Any CPU.ActiveCfg = Debug|Any CPU
		{5A955E0F-C80F-4E90-B25F-D27A200489AD}.Debug|Any CPU.Build.0 = Debug|Any CPU
		{5A955E0F-C80F-4E90-B25F-D27A200489AD}.Release|Any CPU.ActiveCfg = Release|Any CPU
		{5A955E0F-C80F-4E90-B25F-D27A200489AD}.Release|Any CPU.Build.0 = Release|Any CPU
	EndGlobalSection
	GlobalSection(SolutionProperties) = preSolution
		HideSolutionNode = FALSE
	EndGlobalSection
	GlobalSection(ExtensibilityGlobals) = postSolution
		SolutionGuid = {CFD23D74-8340-4F6C-B2BF-5B40B27FDF49}
	EndGlobalSection
EndGlobal
