
Microsoft Visual Studio Solution File, Format Version 12.00
# Visual Studio Version 17
VisualStudioVersion = 17.8.34330.188
MinimumVisualStudioVersion = 10.0.40219.1
Project("{FAE04EC0-301F-11D3-BF4B-00C04F79EFBC}") = "Lab_8", "Lab_8.csproj", "{74F104A9-9D66-4179-8AFC-93D18C7C575B}"
EndProject
Global
	GlobalSection(SolutionConfigurationPlatforms) = preSolution
		Debug|Any CPU = Debug|Any CPU
		Release|Any CPU = Release|Any CPU
	EndGlobalSection
	GlobalSection(ProjectConfigurationPlatforms) = postSolution
		{74F104A9-9D66-4179-8AFC-93D18C7C575B}.Debug|Any CPU.ActiveCfg = Debug|Any CPU
		{74F104A9-9D66-4179-8AFC-93D18C7C575B}.Debug|Any CPU.Build.0 = Debug|Any CPU
		{74F104A9-9D66-4179-8AFC-93D18C7C575B}.Release|Any CPU.ActiveCfg = Release|Any CPU
		{74F104A9-9D66-4179-8AFC-93D18C7C575B}.Release|Any CPU.Build.0 = Release|Any CPU
	EndGlobalSection
	GlobalSection(SolutionProperties) = preSolution
		HideSolutionNode = FALSE
	EndGlobalSection
	GlobalSection(ExtensibilityGlobals) = postSolution
		SolutionGuid = {A31F0DF3-E4E2-425C-BFEC-36A75DDE7A3A}
	EndGlobalSection
EndGlobal
